// !$*UTF8*$!
{
	archiveVersion = 1;
	classes = {
	};
	objectVersion = 46;
	objects = {

/* Begin PBXBuildFile section */
		7F09EB551AF4EF4A008E55FC /* MatchesTableViewController.swift in Sources */ = {isa = PBXBuildFile; fileRef = 7F09EB541AF4EF4A008E55FC /* MatchesTableViewController.swift */; };
		7F09EB571AF4EFC2008E55FC /* UserCell.swift in Sources */ = {isa = PBXBuildFile; fileRef = 7F09EB561AF4EFC2008E55FC /* UserCell.swift */; };
		7F09EB591AF4F75D008E55FC /* Match.swift in Sources */ = {isa = PBXBuildFile; fileRef = 7F09EB581AF4F75D008E55FC /* Match.swift */; };
		7F09EB5B1AF52C90008E55FC /* ChatViewController.swift in Sources */ = {isa = PBXBuildFile; fileRef = 7F09EB5A1AF52C90008E55FC /* ChatViewController.swift */; };
		7F0FEBB51A93E26E00DDDA88 /* AFHTTPRequestOperation.m in Sources */ = {isa = PBXBuildFile; fileRef = 7F0FEBA31A93E26E00DDDA88 /* AFHTTPRequestOperation.m */; };
		7F0FEBB61A93E26E00DDDA88 /* AFHTTPRequestOperationManager.m in Sources */ = {isa = PBXBuildFile; fileRef = 7F0FEBA51A93E26E00DDDA88 /* AFHTTPRequestOperationManager.m */; };
		7F0FEBB71A93E26E00DDDA88 /* AFHTTPSessionManager.m in Sources */ = {isa = PBXBuildFile; fileRef = 7F0FEBA71A93E26E00DDDA88 /* AFHTTPSessionManager.m */; };
		7F0FEBB81A93E26E00DDDA88 /* AFNetworkReachabilityManager.m in Sources */ = {isa = PBXBuildFile; fileRef = 7F0FEBAA1A93E26E00DDDA88 /* AFNetworkReachabilityManager.m */; };
		7F0FEBB91A93E26E00DDDA88 /* AFSecurityPolicy.m in Sources */ = {isa = PBXBuildFile; fileRef = 7F0FEBAC1A93E26E00DDDA88 /* AFSecurityPolicy.m */; };
		7F0FEBBA1A93E26E00DDDA88 /* AFURLConnectionOperation.m in Sources */ = {isa = PBXBuildFile; fileRef = 7F0FEBAE1A93E26E00DDDA88 /* AFURLConnectionOperation.m */; };
		7F0FEBBB1A93E26E00DDDA88 /* AFURLRequestSerialization.m in Sources */ = {isa = PBXBuildFile; fileRef = 7F0FEBB01A93E26E00DDDA88 /* AFURLRequestSerialization.m */; };
		7F0FEBBC1A93E26E00DDDA88 /* AFURLResponseSerialization.m in Sources */ = {isa = PBXBuildFile; fileRef = 7F0FEBB21A93E26E00DDDA88 /* AFURLResponseSerialization.m */; };
		7F0FEBBD1A93E26E00DDDA88 /* AFURLSessionManager.m in Sources */ = {isa = PBXBuildFile; fileRef = 7F0FEBB41A93E26E00DDDA88 /* AFURLSessionManager.m */; };
		7F0FEBD01A93E27600DDDA88 /* AFNetworkActivityIndicatorManager.m in Sources */ = {isa = PBXBuildFile; fileRef = 7F0FEBC01A93E27600DDDA88 /* AFNetworkActivityIndicatorManager.m */; };
		7F0FEBD11A93E27600DDDA88 /* UIActivityIndicatorView+AFNetworking.m in Sources */ = {isa = PBXBuildFile; fileRef = 7F0FEBC21A93E27600DDDA88 /* UIActivityIndicatorView+AFNetworking.m */; };
		7F0FEBD21A93E27600DDDA88 /* UIAlertView+AFNetworking.m in Sources */ = {isa = PBXBuildFile; fileRef = 7F0FEBC41A93E27600DDDA88 /* UIAlertView+AFNetworking.m */; };
		7F0FEBD31A93E27600DDDA88 /* UIButton+AFNetworking.m in Sources */ = {isa = PBXBuildFile; fileRef = 7F0FEBC61A93E27600DDDA88 /* UIButton+AFNetworking.m */; };
		7F0FEBD41A93E27600DDDA88 /* UIImageView+AFNetworking.m in Sources */ = {isa = PBXBuildFile; fileRef = 7F0FEBC81A93E27600DDDA88 /* UIImageView+AFNetworking.m */; };
		7F0FEBD51A93E27600DDDA88 /* UIProgressView+AFNetworking.m in Sources */ = {isa = PBXBuildFile; fileRef = 7F0FEBCB1A93E27600DDDA88 /* UIProgressView+AFNetworking.m */; };
		7F0FEBD61A93E27600DDDA88 /* UIRefreshControl+AFNetworking.m in Sources */ = {isa = PBXBuildFile; fileRef = 7F0FEBCD1A93E27600DDDA88 /* UIRefreshControl+AFNetworking.m */; };
		7F0FEBD71A93E27600DDDA88 /* UIWebView+AFNetworking.m in Sources */ = {isa = PBXBuildFile; fileRef = 7F0FEBCF1A93E27600DDDA88 /* UIWebView+AFNetworking.m */; };
		7F0FED0C1A93E44F00DDDA88 /* NMRangeSlider.m in Sources */ = {isa = PBXBuildFile; fileRef = 7F0FED0B1A93E44F00DDDA88 /* NMRangeSlider.m */; };
		7F0FED101A93E65200DDDA88 /* ParseUI.framework in Frameworks */ = {isa = PBXBuildFile; fileRef = 7F0FED0F1A93E65200DDDA88 /* ParseUI.framework */; };
		7F3607071A3363EF00A2A671 /* SignUpViewController.swift in Sources */ = {isa = PBXBuildFile; fileRef = 7F3607061A3363EF00A2A671 /* SignUpViewController.swift */; };
		7F449AE71AF25A0E004B3FEE /* PageViewController.swift in Sources */ = {isa = PBXBuildFile; fileRef = 7F449AE61AF25A0E004B3FEE /* PageViewController.swift */; };
		7F449AE91AF26635004B3FEE /* ProfileViewController.swift in Sources */ = {isa = PBXBuildFile; fileRef = 7F449AE81AF26635004B3FEE /* ProfileViewController.swift */; };
		7F48D5031A5D484C00403513 /* ShoutViewController.swift in Sources */ = {isa = PBXBuildFile; fileRef = 7F48D5021A5D484C00403513 /* ShoutViewController.swift */; };
		7F48D5071A5D6D2400403513 /* up.png in Resources */ = {isa = PBXBuildFile; fileRef = 7F48D5061A5D6D2400403513 /* up.png */; };
		7F49C88A1A34DA4000C6383D /* MyTabBarController.swift in Sources */ = {isa = PBXBuildFile; fileRef = 7F49C8891A34DA4000C6383D /* MyTabBarController.swift */; };
		7F5010F11A601762003B9622 /* down.png in Resources */ = {isa = PBXBuildFile; fileRef = 7F5010F01A601762003B9622 /* down.png */; };
		7F6B11DF1AF8D8590087A35D /* libicucore.dylib in Frameworks */ = {isa = PBXBuildFile; fileRef = 7F6B11DE1AF8D8590087A35D /* libicucore.dylib */; };
		7F6B11E11AF8D8800087A35D /* libc++.dylib in Frameworks */ = {isa = PBXBuildFile; fileRef = 7F6B11E01AF8D8800087A35D /* libc++.dylib */; };
		7F6B11E31AF8D9010087A35D /* Message.swift in Sources */ = {isa = PBXBuildFile; fileRef = 7F6B11E21AF8D9010087A35D /* Message.swift */; };
		7F6B8B841A61DA0800DD8AC9 /* SettingsViewController.swift in Sources */ = {isa = PBXBuildFile; fileRef = 7F6B8B831A61DA0800DD8AC9 /* SettingsViewController.swift */; };
		7F7243E51A79227E00A5ABE6 /* DiscoveryViewController.swift in Sources */ = {isa = PBXBuildFile; fileRef = 7F7243E41A79227E00A5ABE6 /* DiscoveryViewController.swift */; };
		7F7243E71A793F3200A5ABE6 /* EditProfileViewController.swift in Sources */ = {isa = PBXBuildFile; fileRef = 7F7243E61A793F3200A5ABE6 /* EditProfileViewController.swift */; };
		7F8FEA821AE7DD4A0070C7C3 /* CardView.swift in Sources */ = {isa = PBXBuildFile; fileRef = 7F8FEA811AE7DD4A0070C7C3 /* CardView.swift */; };
		7F8FEA841AE7E8E30070C7C3 /* SwipeView.swift in Sources */ = {isa = PBXBuildFile; fileRef = 7F8FEA831AE7E8E30070C7C3 /* SwipeView.swift */; };
		7FA1504E1A31F04200DB55BF /* fblogin.png in Resources */ = {isa = PBXBuildFile; fileRef = 7FA1504D1A31F04200DB55BF /* fblogin.png */; };
		7FDF4DE71AEC1E75005E6789 /* User.swift in Sources */ = {isa = PBXBuildFile; fileRef = 7FDF4DE61AEC1E75005E6789 /* User.swift */; };
		7FE87DE31A338F5400F97C3D /* m8upViewController.swift in Sources */ = {isa = PBXBuildFile; fileRef = 7FE87DE21A338F5400F97C3D /* m8upViewController.swift */; };
		7FF3F05C1A30D9F300E2DA42 /* AppDelegate.swift in Sources */ = {isa = PBXBuildFile; fileRef = 7FF3F05B1A30D9F300E2DA42 /* AppDelegate.swift */; };
		7FF3F05E1A30D9F300E2DA42 /* ViewController.swift in Sources */ = {isa = PBXBuildFile; fileRef = 7FF3F05D1A30D9F300E2DA42 /* ViewController.swift */; };
		7FF3F0611A30D9F300E2DA42 /* Main.storyboard in Resources */ = {isa = PBXBuildFile; fileRef = 7FF3F05F1A30D9F300E2DA42 /* Main.storyboard */; };
		7FF3F0631A30D9F300E2DA42 /* Images.xcassets in Resources */ = {isa = PBXBuildFile; fileRef = 7FF3F0621A30D9F300E2DA42 /* Images.xcassets */; };
		7FF3F0661A30D9F300E2DA42 /* LaunchScreen.xib in Resources */ = {isa = PBXBuildFile; fileRef = 7FF3F0641A30D9F300E2DA42 /* LaunchScreen.xib */; };
		7FF3F0721A30D9F300E2DA42 /* m8upTests.swift in Sources */ = {isa = PBXBuildFile; fileRef = 7FF3F0711A30D9F300E2DA42 /* m8upTests.swift */; };
		7FF3F07C1A30DCFD00E2DA42 /* FacebookSDK.framework in Frameworks */ = {isa = PBXBuildFile; fileRef = 7FF3F07B1A30DCFD00E2DA42 /* FacebookSDK.framework */; };
		7FF3F0841A30DF0600E2DA42 /* Parse.framework in Frameworks */ = {isa = PBXBuildFile; fileRef = 7FF3F0811A30DF0600E2DA42 /* Parse.framework */; };
		7FF3F0851A30DF0600E2DA42 /* ParseFacebookUtils.framework in Frameworks */ = {isa = PBXBuildFile; fileRef = 7FF3F0821A30DF0600E2DA42 /* ParseFacebookUtils.framework */; };
		7FF3F0871A30DF4600E2DA42 /* AudioToolbox.framework in Frameworks */ = {isa = PBXBuildFile; fileRef = 7FF3F0861A30DF4600E2DA42 /* AudioToolbox.framework */; };
		7FF3F0891A30DF5500E2DA42 /* CFNetwork.framework in Frameworks */ = {isa = PBXBuildFile; fileRef = 7FF3F0881A30DF5500E2DA42 /* CFNetwork.framework */; };
		7FF3F08B1A30DF7100E2DA42 /* CoreGraphics.framework in Frameworks */ = {isa = PBXBuildFile; fileRef = 7FF3F08A1A30DF7100E2DA42 /* CoreGraphics.framework */; };
		7FF3F08D1A30DF7900E2DA42 /* CoreLocation.framework in Frameworks */ = {isa = PBXBuildFile; fileRef = 7FF3F08C1A30DF7900E2DA42 /* CoreLocation.framework */; };
		7FF3F08F1A30DF8800E2DA42 /* libz.dylib in Frameworks */ = {isa = PBXBuildFile; fileRef = 7FF3F08E1A30DF8800E2DA42 /* libz.dylib */; };
		7FF3F0911A30DF9400E2DA42 /* MobileCoreServices.framework in Frameworks */ = {isa = PBXBuildFile; fileRef = 7FF3F0901A30DF9400E2DA42 /* MobileCoreServices.framework */; };
		7FF3F0931A30DF9B00E2DA42 /* QuartzCore.framework in Frameworks */ = {isa = PBXBuildFile; fileRef = 7FF3F0921A30DF9B00E2DA42 /* QuartzCore.framework */; };
		7FF3F0951A30DFA200E2DA42 /* Security.framework in Frameworks */ = {isa = PBXBuildFile; fileRef = 7FF3F0941A30DFA200E2DA42 /* Security.framework */; };
		7FF3F0971A30DFA900E2DA42 /* StoreKit.framework in Frameworks */ = {isa = PBXBuildFile; fileRef = 7FF3F0961A30DFA900E2DA42 /* StoreKit.framework */; };
		7FF3F0991A30DFB700E2DA42 /* SystemConfiguration.framework in Frameworks */ = {isa = PBXBuildFile; fileRef = 7FF3F0981A30DFB700E2DA42 /* SystemConfiguration.framework */; };
		8DB424EE49955BD953247698 /* libPods.a in Frameworks */ = {isa = PBXBuildFile; fileRef = EBE2B9750FB80C5C5A4C2AD6 /* libPods.a */; };
/* End PBXBuildFile section */

/* Begin PBXContainerItemProxy section */
		7FF3F06C1A30D9F300E2DA42 /* PBXContainerItemProxy */ = {
			isa = PBXContainerItemProxy;
			containerPortal = 7FF3F04E1A30D9F300E2DA42 /* Project object */;
			proxyType = 1;
			remoteGlobalIDString = 7FF3F0551A30D9F300E2DA42;
			remoteInfo = m8up;
		};
/* End PBXContainerItemProxy section */

/* Begin PBXFileReference section */
		7F09EB541AF4EF4A008E55FC /* MatchesTableViewController.swift */ = {isa = PBXFileReference; fileEncoding = 4; lastKnownFileType = sourcecode.swift; path = MatchesTableViewController.swift; sourceTree = "<group>"; };
		7F09EB561AF4EFC2008E55FC /* UserCell.swift */ = {isa = PBXFileReference; fileEncoding = 4; lastKnownFileType = sourcecode.swift; path = UserCell.swift; sourceTree = "<group>"; };
		7F09EB581AF4F75D008E55FC /* Match.swift */ = {isa = PBXFileReference; fileEncoding = 4; lastKnownFileType = sourcecode.swift; path = Match.swift; sourceTree = "<group>"; };
		7F09EB5A1AF52C90008E55FC /* ChatViewController.swift */ = {isa = PBXFileReference; fileEncoding = 4; lastKnownFileType = sourcecode.swift; path = ChatViewController.swift; sourceTree = "<group>"; };
		7F0FEBA21A93E26E00DDDA88 /* AFHTTPRequestOperation.h */ = {isa = PBXFileReference; fileEncoding = 4; lastKnownFileType = sourcecode.c.h; path = AFHTTPRequestOperation.h; sourceTree = "<group>"; };
		7F0FEBA31A93E26E00DDDA88 /* AFHTTPRequestOperation.m */ = {isa = PBXFileReference; fileEncoding = 4; lastKnownFileType = sourcecode.c.objc; path = AFHTTPRequestOperation.m; sourceTree = "<group>"; };
		7F0FEBA41A93E26E00DDDA88 /* AFHTTPRequestOperationManager.h */ = {isa = PBXFileReference; fileEncoding = 4; lastKnownFileType = sourcecode.c.h; path = AFHTTPRequestOperationManager.h; sourceTree = "<group>"; };
		7F0FEBA51A93E26E00DDDA88 /* AFHTTPRequestOperationManager.m */ = {isa = PBXFileReference; fileEncoding = 4; lastKnownFileType = sourcecode.c.objc; path = AFHTTPRequestOperationManager.m; sourceTree = "<group>"; };
		7F0FEBA61A93E26E00DDDA88 /* AFHTTPSessionManager.h */ = {isa = PBXFileReference; fileEncoding = 4; lastKnownFileType = sourcecode.c.h; path = AFHTTPSessionManager.h; sourceTree = "<group>"; };
		7F0FEBA71A93E26E00DDDA88 /* AFHTTPSessionManager.m */ = {isa = PBXFileReference; fileEncoding = 4; lastKnownFileType = sourcecode.c.objc; path = AFHTTPSessionManager.m; sourceTree = "<group>"; };
		7F0FEBA81A93E26E00DDDA88 /* AFNetworking.h */ = {isa = PBXFileReference; fileEncoding = 4; lastKnownFileType = sourcecode.c.h; path = AFNetworking.h; sourceTree = "<group>"; };
		7F0FEBA91A93E26E00DDDA88 /* AFNetworkReachabilityManager.h */ = {isa = PBXFileReference; fileEncoding = 4; lastKnownFileType = sourcecode.c.h; path = AFNetworkReachabilityManager.h; sourceTree = "<group>"; };
		7F0FEBAA1A93E26E00DDDA88 /* AFNetworkReachabilityManager.m */ = {isa = PBXFileReference; fileEncoding = 4; lastKnownFileType = sourcecode.c.objc; path = AFNetworkReachabilityManager.m; sourceTree = "<group>"; };
		7F0FEBAB1A93E26E00DDDA88 /* AFSecurityPolicy.h */ = {isa = PBXFileReference; fileEncoding = 4; lastKnownFileType = sourcecode.c.h; path = AFSecurityPolicy.h; sourceTree = "<group>"; };
		7F0FEBAC1A93E26E00DDDA88 /* AFSecurityPolicy.m */ = {isa = PBXFileReference; fileEncoding = 4; lastKnownFileType = sourcecode.c.objc; path = AFSecurityPolicy.m; sourceTree = "<group>"; };
		7F0FEBAD1A93E26E00DDDA88 /* AFURLConnectionOperation.h */ = {isa = PBXFileReference; fileEncoding = 4; lastKnownFileType = sourcecode.c.h; path = AFURLConnectionOperation.h; sourceTree = "<group>"; };
		7F0FEBAE1A93E26E00DDDA88 /* AFURLConnectionOperation.m */ = {isa = PBXFileReference; fileEncoding = 4; lastKnownFileType = sourcecode.c.objc; path = AFURLConnectionOperation.m; sourceTree = "<group>"; };
		7F0FEBAF1A93E26E00DDDA88 /* AFURLRequestSerialization.h */ = {isa = PBXFileReference; fileEncoding = 4; lastKnownFileType = sourcecode.c.h; path = AFURLRequestSerialization.h; sourceTree = "<group>"; };
		7F0FEBB01A93E26E00DDDA88 /* AFURLRequestSerialization.m */ = {isa = PBXFileReference; fileEncoding = 4; lastKnownFileType = sourcecode.c.objc; path = AFURLRequestSerialization.m; sourceTree = "<group>"; };
		7F0FEBB11A93E26E00DDDA88 /* AFURLResponseSerialization.h */ = {isa = PBXFileReference; fileEncoding = 4; lastKnownFileType = sourcecode.c.h; path = AFURLResponseSerialization.h; sourceTree = "<group>"; };
		7F0FEBB21A93E26E00DDDA88 /* AFURLResponseSerialization.m */ = {isa = PBXFileReference; fileEncoding = 4; lastKnownFileType = sourcecode.c.objc; path = AFURLResponseSerialization.m; sourceTree = "<group>"; };
		7F0FEBB31A93E26E00DDDA88 /* AFURLSessionManager.h */ = {isa = PBXFileReference; fileEncoding = 4; lastKnownFileType = sourcecode.c.h; path = AFURLSessionManager.h; sourceTree = "<group>"; };
		7F0FEBB41A93E26E00DDDA88 /* AFURLSessionManager.m */ = {isa = PBXFileReference; fileEncoding = 4; lastKnownFileType = sourcecode.c.objc; path = AFURLSessionManager.m; sourceTree = "<group>"; };
		7F0FEBBF1A93E27600DDDA88 /* AFNetworkActivityIndicatorManager.h */ = {isa = PBXFileReference; fileEncoding = 4; lastKnownFileType = sourcecode.c.h; path = AFNetworkActivityIndicatorManager.h; sourceTree = "<group>"; };
		7F0FEBC01A93E27600DDDA88 /* AFNetworkActivityIndicatorManager.m */ = {isa = PBXFileReference; fileEncoding = 4; lastKnownFileType = sourcecode.c.objc; path = AFNetworkActivityIndicatorManager.m; sourceTree = "<group>"; };
		7F0FEBC11A93E27600DDDA88 /* UIActivityIndicatorView+AFNetworking.h */ = {isa = PBXFileReference; fileEncoding = 4; lastKnownFileType = sourcecode.c.h; path = "UIActivityIndicatorView+AFNetworking.h"; sourceTree = "<group>"; };
		7F0FEBC21A93E27600DDDA88 /* UIActivityIndicatorView+AFNetworking.m */ = {isa = PBXFileReference; fileEncoding = 4; lastKnownFileType = sourcecode.c.objc; path = "UIActivityIndicatorView+AFNetworking.m"; sourceTree = "<group>"; };
		7F0FEBC31A93E27600DDDA88 /* UIAlertView+AFNetworking.h */ = {isa = PBXFileReference; fileEncoding = 4; lastKnownFileType = sourcecode.c.h; path = "UIAlertView+AFNetworking.h"; sourceTree = "<group>"; };
		7F0FEBC41A93E27600DDDA88 /* UIAlertView+AFNetworking.m */ = {isa = PBXFileReference; fileEncoding = 4; lastKnownFileType = sourcecode.c.objc; path = "UIAlertView+AFNetworking.m"; sourceTree = "<group>"; };
		7F0FEBC51A93E27600DDDA88 /* UIButton+AFNetworking.h */ = {isa = PBXFileReference; fileEncoding = 4; lastKnownFileType = sourcecode.c.h; path = "UIButton+AFNetworking.h"; sourceTree = "<group>"; };
		7F0FEBC61A93E27600DDDA88 /* UIButton+AFNetworking.m */ = {isa = PBXFileReference; fileEncoding = 4; lastKnownFileType = sourcecode.c.objc; path = "UIButton+AFNetworking.m"; sourceTree = "<group>"; };
		7F0FEBC71A93E27600DDDA88 /* UIImageView+AFNetworking.h */ = {isa = PBXFileReference; fileEncoding = 4; lastKnownFileType = sourcecode.c.h; path = "UIImageView+AFNetworking.h"; sourceTree = "<group>"; };
		7F0FEBC81A93E27600DDDA88 /* UIImageView+AFNetworking.m */ = {isa = PBXFileReference; fileEncoding = 4; lastKnownFileType = sourcecode.c.objc; path = "UIImageView+AFNetworking.m"; sourceTree = "<group>"; };
		7F0FEBC91A93E27600DDDA88 /* UIKit+AFNetworking.h */ = {isa = PBXFileReference; fileEncoding = 4; lastKnownFileType = sourcecode.c.h; path = "UIKit+AFNetworking.h"; sourceTree = "<group>"; };
		7F0FEBCA1A93E27600DDDA88 /* UIProgressView+AFNetworking.h */ = {isa = PBXFileReference; fileEncoding = 4; lastKnownFileType = sourcecode.c.h; path = "UIProgressView+AFNetworking.h"; sourceTree = "<group>"; };
		7F0FEBCB1A93E27600DDDA88 /* UIProgressView+AFNetworking.m */ = {isa = PBXFileReference; fileEncoding = 4; lastKnownFileType = sourcecode.c.objc; path = "UIProgressView+AFNetworking.m"; sourceTree = "<group>"; };
		7F0FEBCC1A93E27600DDDA88 /* UIRefreshControl+AFNetworking.h */ = {isa = PBXFileReference; fileEncoding = 4; lastKnownFileType = sourcecode.c.h; path = "UIRefreshControl+AFNetworking.h"; sourceTree = "<group>"; };
		7F0FEBCD1A93E27600DDDA88 /* UIRefreshControl+AFNetworking.m */ = {isa = PBXFileReference; fileEncoding = 4; lastKnownFileType = sourcecode.c.objc; path = "UIRefreshControl+AFNetworking.m"; sourceTree = "<group>"; };
		7F0FEBCE1A93E27600DDDA88 /* UIWebView+AFNetworking.h */ = {isa = PBXFileReference; fileEncoding = 4; lastKnownFileType = sourcecode.c.h; path = "UIWebView+AFNetworking.h"; sourceTree = "<group>"; };
		7F0FEBCF1A93E27600DDDA88 /* UIWebView+AFNetworking.m */ = {isa = PBXFileReference; fileEncoding = 4; lastKnownFileType = sourcecode.c.objc; path = "UIWebView+AFNetworking.m"; sourceTree = "<group>"; };
		7F0FED0A1A93E44F00DDDA88 /* NMRangeSlider.h */ = {isa = PBXFileReference; fileEncoding = 4; lastKnownFileType = sourcecode.c.h; name = NMRangeSlider.h; path = NMRangeSlider/NMRangeSlider.h; sourceTree = "<group>"; };
		7F0FED0B1A93E44F00DDDA88 /* NMRangeSlider.m */ = {isa = PBXFileReference; fileEncoding = 4; lastKnownFileType = sourcecode.c.objc; name = NMRangeSlider.m; path = NMRangeSlider/NMRangeSlider.m; sourceTree = "<group>"; };
		7F0FED0F1A93E65200DDDA88 /* ParseUI.framework */ = {isa = PBXFileReference; lastKnownFileType = wrapper.framework; path = ParseUI.framework; sourceTree = "<group>"; };
		7F3607061A3363EF00A2A671 /* SignUpViewController.swift */ = {isa = PBXFileReference; fileEncoding = 4; lastKnownFileType = sourcecode.swift; path = SignUpViewController.swift; sourceTree = "<group>"; };
		7F449AE61AF25A0E004B3FEE /* PageViewController.swift */ = {isa = PBXFileReference; fileEncoding = 4; lastKnownFileType = sourcecode.swift; path = PageViewController.swift; sourceTree = "<group>"; };
		7F449AE81AF26635004B3FEE /* ProfileViewController.swift */ = {isa = PBXFileReference; fileEncoding = 4; lastKnownFileType = sourcecode.swift; path = ProfileViewController.swift; sourceTree = "<group>"; };
		7F48D5021A5D484C00403513 /* ShoutViewController.swift */ = {isa = PBXFileReference; fileEncoding = 4; lastKnownFileType = sourcecode.swift; path = ShoutViewController.swift; sourceTree = "<group>"; };
		7F48D5061A5D6D2400403513 /* up.png */ = {isa = PBXFileReference; lastKnownFileType = image.png; path = up.png; sourceTree = "<group>"; };
		7F49C8891A34DA4000C6383D /* MyTabBarController.swift */ = {isa = PBXFileReference; fileEncoding = 4; lastKnownFileType = sourcecode.swift; path = MyTabBarController.swift; sourceTree = "<group>"; };
		7F5010F01A601762003B9622 /* down.png */ = {isa = PBXFileReference; lastKnownFileType = image.png; path = down.png; sourceTree = "<group>"; };
		7F6B11DE1AF8D8590087A35D /* libicucore.dylib */ = {isa = PBXFileReference; lastKnownFileType = "compiled.mach-o.dylib"; name = libicucore.dylib; path = usr/lib/libicucore.dylib; sourceTree = SDKROOT; };
		7F6B11E01AF8D8800087A35D /* libc++.dylib */ = {isa = PBXFileReference; lastKnownFileType = "compiled.mach-o.dylib"; name = "libc++.dylib"; path = "usr/lib/libc++.dylib"; sourceTree = SDKROOT; };
		7F6B11E21AF8D9010087A35D /* Message.swift */ = {isa = PBXFileReference; fileEncoding = 4; lastKnownFileType = sourcecode.swift; path = Message.swift; sourceTree = "<group>"; };
		7F6B8B831A61DA0800DD8AC9 /* SettingsViewController.swift */ = {isa = PBXFileReference; fileEncoding = 4; lastKnownFileType = sourcecode.swift; path = SettingsViewController.swift; sourceTree = "<group>"; };
		7F7243E41A79227E00A5ABE6 /* DiscoveryViewController.swift */ = {isa = PBXFileReference; fileEncoding = 4; lastKnownFileType = sourcecode.swift; path = DiscoveryViewController.swift; sourceTree = "<group>"; };
		7F7243E61A793F3200A5ABE6 /* EditProfileViewController.swift */ = {isa = PBXFileReference; fileEncoding = 4; lastKnownFileType = sourcecode.swift; path = EditProfileViewController.swift; sourceTree = "<group>"; };
		7F8FEA811AE7DD4A0070C7C3 /* CardView.swift */ = {isa = PBXFileReference; fileEncoding = 4; lastKnownFileType = sourcecode.swift; path = CardView.swift; sourceTree = "<group>"; };
		7F8FEA831AE7E8E30070C7C3 /* SwipeView.swift */ = {isa = PBXFileReference; fileEncoding = 4; lastKnownFileType = sourcecode.swift; path = SwipeView.swift; sourceTree = "<group>"; };
		7FA1504D1A31F04200DB55BF /* fblogin.png */ = {isa = PBXFileReference; lastKnownFileType = image.png; path = fblogin.png; sourceTree = "<group>"; };
		7FDF4DE61AEC1E75005E6789 /* User.swift */ = {isa = PBXFileReference; fileEncoding = 4; lastKnownFileType = sourcecode.swift; path = User.swift; sourceTree = "<group>"; };
		7FE87DE21A338F5400F97C3D /* m8upViewController.swift */ = {isa = PBXFileReference; fileEncoding = 4; lastKnownFileType = sourcecode.swift; path = m8upViewController.swift; sourceTree = "<group>"; };
		7FF3F0561A30D9F300E2DA42 /* m8up.app */ = {isa = PBXFileReference; explicitFileType = wrapper.application; includeInIndex = 0; path = m8up.app; sourceTree = BUILT_PRODUCTS_DIR; };
		7FF3F05A1A30D9F300E2DA42 /* Info.plist */ = {isa = PBXFileReference; lastKnownFileType = text.plist.xml; path = Info.plist; sourceTree = "<group>"; };
		7FF3F05B1A30D9F300E2DA42 /* AppDelegate.swift */ = {isa = PBXFileReference; lastKnownFileType = sourcecode.swift; path = AppDelegate.swift; sourceTree = "<group>"; };
		7FF3F05D1A30D9F300E2DA42 /* ViewController.swift */ = {isa = PBXFileReference; lastKnownFileType = sourcecode.swift; path = ViewController.swift; sourceTree = "<group>"; };
		7FF3F0601A30D9F300E2DA42 /* Base */ = {isa = PBXFileReference; lastKnownFileType = file.storyboard; name = Base; path = Base.lproj/Main.storyboard; sourceTree = "<group>"; };
		7FF3F0621A30D9F300E2DA42 /* Images.xcassets */ = {isa = PBXFileReference; lastKnownFileType = folder.assetcatalog; path = Images.xcassets; sourceTree = "<group>"; };
		7FF3F0651A30D9F300E2DA42 /* Base */ = {isa = PBXFileReference; lastKnownFileType = file.xib; name = Base; path = Base.lproj/LaunchScreen.xib; sourceTree = "<group>"; };
		7FF3F06B1A30D9F300E2DA42 /* m8upTests.xctest */ = {isa = PBXFileReference; explicitFileType = wrapper.cfbundle; includeInIndex = 0; path = m8upTests.xctest; sourceTree = BUILT_PRODUCTS_DIR; };
		7FF3F0701A30D9F300E2DA42 /* Info.plist */ = {isa = PBXFileReference; lastKnownFileType = text.plist.xml; path = Info.plist; sourceTree = "<group>"; };
		7FF3F0711A30D9F300E2DA42 /* m8upTests.swift */ = {isa = PBXFileReference; lastKnownFileType = sourcecode.swift; path = m8upTests.swift; sourceTree = "<group>"; };
		7FF3F07B1A30DCFD00E2DA42 /* FacebookSDK.framework */ = {isa = PBXFileReference; lastKnownFileType = wrapper.framework; name = FacebookSDK.framework; path = m8up/FacebookSDK.framework; sourceTree = "<group>"; };
		7FF3F07D1A30DE8A00E2DA42 /* m8up-Bridging-Header.h */ = {isa = PBXFileReference; lastKnownFileType = sourcecode.c.h; path = "m8up-Bridging-Header.h"; sourceTree = "<group>"; };
		7FF3F0811A30DF0600E2DA42 /* Parse.framework */ = {isa = PBXFileReference; lastKnownFileType = wrapper.framework; name = Parse.framework; path = m8up/Parse.framework; sourceTree = "<group>"; };
		7FF3F0821A30DF0600E2DA42 /* ParseFacebookUtils.framework */ = {isa = PBXFileReference; lastKnownFileType = wrapper.framework; name = ParseFacebookUtils.framework; path = m8up/ParseFacebookUtils.framework; sourceTree = "<group>"; };
		7FF3F0861A30DF4600E2DA42 /* AudioToolbox.framework */ = {isa = PBXFileReference; lastKnownFileType = wrapper.framework; name = AudioToolbox.framework; path = System/Library/Frameworks/AudioToolbox.framework; sourceTree = SDKROOT; };
		7FF3F0881A30DF5500E2DA42 /* CFNetwork.framework */ = {isa = PBXFileReference; lastKnownFileType = wrapper.framework; name = CFNetwork.framework; path = System/Library/Frameworks/CFNetwork.framework; sourceTree = SDKROOT; };
		7FF3F08A1A30DF7100E2DA42 /* CoreGraphics.framework */ = {isa = PBXFileReference; lastKnownFileType = wrapper.framework; name = CoreGraphics.framework; path = System/Library/Frameworks/CoreGraphics.framework; sourceTree = SDKROOT; };
		7FF3F08C1A30DF7900E2DA42 /* CoreLocation.framework */ = {isa = PBXFileReference; lastKnownFileType = wrapper.framework; name = CoreLocation.framework; path = System/Library/Frameworks/CoreLocation.framework; sourceTree = SDKROOT; };
		7FF3F08E1A30DF8800E2DA42 /* libz.dylib */ = {isa = PBXFileReference; lastKnownFileType = "compiled.mach-o.dylib"; name = libz.dylib; path = usr/lib/libz.dylib; sourceTree = SDKROOT; };
		7FF3F0901A30DF9400E2DA42 /* MobileCoreServices.framework */ = {isa = PBXFileReference; lastKnownFileType = wrapper.framework; name = MobileCoreServices.framework; path = System/Library/Frameworks/MobileCoreServices.framework; sourceTree = SDKROOT; };
		7FF3F0921A30DF9B00E2DA42 /* QuartzCore.framework */ = {isa = PBXFileReference; lastKnownFileType = wrapper.framework; name = QuartzCore.framework; path = System/Library/Frameworks/QuartzCore.framework; sourceTree = SDKROOT; };
		7FF3F0941A30DFA200E2DA42 /* Security.framework */ = {isa = PBXFileReference; lastKnownFileType = wrapper.framework; name = Security.framework; path = System/Library/Frameworks/Security.framework; sourceTree = SDKROOT; };
		7FF3F0961A30DFA900E2DA42 /* StoreKit.framework */ = {isa = PBXFileReference; lastKnownFileType = wrapper.framework; name = StoreKit.framework; path = System/Library/Frameworks/StoreKit.framework; sourceTree = SDKROOT; };
		7FF3F0981A30DFB700E2DA42 /* SystemConfiguration.framework */ = {isa = PBXFileReference; lastKnownFileType = wrapper.framework; name = SystemConfiguration.framework; path = System/Library/Frameworks/SystemConfiguration.framework; sourceTree = SDKROOT; };
		809B9D364917A1CFF7D74D0F /* Pods.debug.xcconfig */ = {isa = PBXFileReference; includeInIndex = 1; lastKnownFileType = text.xcconfig; name = Pods.debug.xcconfig; path = "Pods/Target Support Files/Pods/Pods.debug.xcconfig"; sourceTree = "<group>"; };
		E7A313423B12AC8C55580EE8 /* Pods.release.xcconfig */ = {isa = PBXFileReference; includeInIndex = 1; lastKnownFileType = text.xcconfig; name = Pods.release.xcconfig; path = "Pods/Target Support Files/Pods/Pods.release.xcconfig"; sourceTree = "<group>"; };
		EBE2B9750FB80C5C5A4C2AD6 /* libPods.a */ = {isa = PBXFileReference; explicitFileType = archive.ar; includeInIndex = 0; path = libPods.a; sourceTree = BUILT_PRODUCTS_DIR; };
/* End PBXFileReference section */

/* Begin PBXFrameworksBuildPhase section */
		7FF3F0531A30D9F300E2DA42 /* Frameworks */ = {
			isa = PBXFrameworksBuildPhase;
			buildActionMask = 2147483647;
			files = (
				7F6B11E11AF8D8800087A35D /* libc++.dylib in Frameworks */,
				7F6B11DF1AF8D8590087A35D /* libicucore.dylib in Frameworks */,
				7FF3F0991A30DFB700E2DA42 /* SystemConfiguration.framework in Frameworks */,
				7FF3F0971A30DFA900E2DA42 /* StoreKit.framework in Frameworks */,
				7FF3F0951A30DFA200E2DA42 /* Security.framework in Frameworks */,
				7FF3F0931A30DF9B00E2DA42 /* QuartzCore.framework in Frameworks */,
				7FF3F0911A30DF9400E2DA42 /* MobileCoreServices.framework in Frameworks */,
				7FF3F08F1A30DF8800E2DA42 /* libz.dylib in Frameworks */,
				7FF3F08D1A30DF7900E2DA42 /* CoreLocation.framework in Frameworks */,
				7FF3F08B1A30DF7100E2DA42 /* CoreGraphics.framework in Frameworks */,
				7FF3F0891A30DF5500E2DA42 /* CFNetwork.framework in Frameworks */,
				7FF3F0871A30DF4600E2DA42 /* AudioToolbox.framework in Frameworks */,
				7FF3F07C1A30DCFD00E2DA42 /* FacebookSDK.framework in Frameworks */,
				7FF3F0841A30DF0600E2DA42 /* Parse.framework in Frameworks */,
				7F0FED101A93E65200DDDA88 /* ParseUI.framework in Frameworks */,
				7FF3F0851A30DF0600E2DA42 /* ParseFacebookUtils.framework in Frameworks */,
				8DB424EE49955BD953247698 /* libPods.a in Frameworks */,
			);
			runOnlyForDeploymentPostprocessing = 0;
		};
		7FF3F0681A30D9F300E2DA42 /* Frameworks */ = {
			isa = PBXFrameworksBuildPhase;
			buildActionMask = 2147483647;
			files = (
			);
			runOnlyForDeploymentPostprocessing = 0;
		};
/* End PBXFrameworksBuildPhase section */

/* Begin PBXGroup section */
		7F0FEB9F1A93DCE700DDDA88 /* ExternalLibs */ = {
			isa = PBXGroup;
			children = (
				7F0FEBA01A93E25800DDDA88 /* AFNetworking */,
				7F1C5CCB1A74304500E1D6AC /* NMRangeSlider */,
			);
			name = ExternalLibs;
			sourceTree = "<group>";
		};
		7F0FEBA01A93E25800DDDA88 /* AFNetworking */ = {
			isa = PBXGroup;
			children = (
				7F0FEBA11A93E26E00DDDA88 /* AFNetworking */,
				7F0FEBBE1A93E27600DDDA88 /* UIKit+AFNetworking */,
			);
			name = AFNetworking;
			sourceTree = "<group>";
		};
		7F0FEBA11A93E26E00DDDA88 /* AFNetworking */ = {
			isa = PBXGroup;
			children = (
				7F0FEBA21A93E26E00DDDA88 /* AFHTTPRequestOperation.h */,
				7F0FEBA31A93E26E00DDDA88 /* AFHTTPRequestOperation.m */,
				7F0FEBA41A93E26E00DDDA88 /* AFHTTPRequestOperationManager.h */,
				7F0FEBA51A93E26E00DDDA88 /* AFHTTPRequestOperationManager.m */,
				7F0FEBA61A93E26E00DDDA88 /* AFHTTPSessionManager.h */,
				7F0FEBA71A93E26E00DDDA88 /* AFHTTPSessionManager.m */,
				7F0FEBA81A93E26E00DDDA88 /* AFNetworking.h */,
				7F0FEBA91A93E26E00DDDA88 /* AFNetworkReachabilityManager.h */,
				7F0FEBAA1A93E26E00DDDA88 /* AFNetworkReachabilityManager.m */,
				7F0FEBAB1A93E26E00DDDA88 /* AFSecurityPolicy.h */,
				7F0FEBAC1A93E26E00DDDA88 /* AFSecurityPolicy.m */,
				7F0FEBAD1A93E26E00DDDA88 /* AFURLConnectionOperation.h */,
				7F0FEBAE1A93E26E00DDDA88 /* AFURLConnectionOperation.m */,
				7F0FEBAF1A93E26E00DDDA88 /* AFURLRequestSerialization.h */,
				7F0FEBB01A93E26E00DDDA88 /* AFURLRequestSerialization.m */,
				7F0FEBB11A93E26E00DDDA88 /* AFURLResponseSerialization.h */,
				7F0FEBB21A93E26E00DDDA88 /* AFURLResponseSerialization.m */,
				7F0FEBB31A93E26E00DDDA88 /* AFURLSessionManager.h */,
				7F0FEBB41A93E26E00DDDA88 /* AFURLSessionManager.m */,
			);
			path = AFNetworking;
			sourceTree = "<group>";
		};
		7F0FEBBE1A93E27600DDDA88 /* UIKit+AFNetworking */ = {
			isa = PBXGroup;
			children = (
				7F0FEBBF1A93E27600DDDA88 /* AFNetworkActivityIndicatorManager.h */,
				7F0FEBC01A93E27600DDDA88 /* AFNetworkActivityIndicatorManager.m */,
				7F0FEBC11A93E27600DDDA88 /* UIActivityIndicatorView+AFNetworking.h */,
				7F0FEBC21A93E27600DDDA88 /* UIActivityIndicatorView+AFNetworking.m */,
				7F0FEBC31A93E27600DDDA88 /* UIAlertView+AFNetworking.h */,
				7F0FEBC41A93E27600DDDA88 /* UIAlertView+AFNetworking.m */,
				7F0FEBC51A93E27600DDDA88 /* UIButton+AFNetworking.h */,
				7F0FEBC61A93E27600DDDA88 /* UIButton+AFNetworking.m */,
				7F0FEBC71A93E27600DDDA88 /* UIImageView+AFNetworking.h */,
				7F0FEBC81A93E27600DDDA88 /* UIImageView+AFNetworking.m */,
				7F0FEBC91A93E27600DDDA88 /* UIKit+AFNetworking.h */,
				7F0FEBCA1A93E27600DDDA88 /* UIProgressView+AFNetworking.h */,
				7F0FEBCB1A93E27600DDDA88 /* UIProgressView+AFNetworking.m */,
				7F0FEBCC1A93E27600DDDA88 /* UIRefreshControl+AFNetworking.h */,
				7F0FEBCD1A93E27600DDDA88 /* UIRefreshControl+AFNetworking.m */,
				7F0FEBCE1A93E27600DDDA88 /* UIWebView+AFNetworking.h */,
				7F0FEBCF1A93E27600DDDA88 /* UIWebView+AFNetworking.m */,
			);
			path = "UIKit+AFNetworking";
			sourceTree = "<group>";
		};
		7F1C5CCB1A74304500E1D6AC /* NMRangeSlider */ = {
			isa = PBXGroup;
			children = (
				7F0FED0A1A93E44F00DDDA88 /* NMRangeSlider.h */,
				7F0FED0B1A93E44F00DDDA88 /* NMRangeSlider.m */,
			);
			name = NMRangeSlider;
			sourceTree = "<group>";
		};
		7F8FEA801AE7DD0C0070C7C3 /* View */ = {
			isa = PBXGroup;
			children = (
				7F8FEA811AE7DD4A0070C7C3 /* CardView.swift */,
				7F8FEA831AE7E8E30070C7C3 /* SwipeView.swift */,
				7F09EB561AF4EFC2008E55FC /* UserCell.swift */,
			);
			name = View;
			sourceTree = "<group>";
		};
		7F8FEA851AE7EC010070C7C3 /* Controller */ = {
			isa = PBXGroup;
			children = (
				7F49C8891A34DA4000C6383D /* MyTabBarController.swift */,
				7FF3F05D1A30D9F300E2DA42 /* ViewController.swift */,
				7F449AE61AF25A0E004B3FEE /* PageViewController.swift */,
				7F449AE81AF26635004B3FEE /* ProfileViewController.swift */,
				7F09EB541AF4EF4A008E55FC /* MatchesTableViewController.swift */,
				7F09EB5A1AF52C90008E55FC /* ChatViewController.swift */,
				7F3607061A3363EF00A2A671 /* SignUpViewController.swift */,
				7FE87DE21A338F5400F97C3D /* m8upViewController.swift */,
				7F48D5021A5D484C00403513 /* ShoutViewController.swift */,
				7F6B8B831A61DA0800DD8AC9 /* SettingsViewController.swift */,
				7F7243E41A79227E00A5ABE6 /* DiscoveryViewController.swift */,
				7F7243E61A793F3200A5ABE6 /* EditProfileViewController.swift */,
			);
			name = Controller;
			sourceTree = "<group>";
		};
		7FDF4DE51AEC1E63005E6789 /* Data  */ = {
			isa = PBXGroup;
			children = (
				7FDF4DE61AEC1E75005E6789 /* User.swift */,
				7F09EB581AF4F75D008E55FC /* Match.swift */,
				7F6B11E21AF8D9010087A35D /* Message.swift */,
			);
			name = "Data ";
			sourceTree = "<group>";
		};
		7FE87DE11A338C5400F97C3D /* Frameworks */ = {
			isa = PBXGroup;
			children = (
				7F6B11E01AF8D8800087A35D /* libc++.dylib */,
				7F6B11DE1AF8D8590087A35D /* libicucore.dylib */,
				7F0FED0F1A93E65200DDDA88 /* ParseUI.framework */,
				7FF3F0811A30DF0600E2DA42 /* Parse.framework */,
				7FF3F0821A30DF0600E2DA42 /* ParseFacebookUtils.framework */,
				7FF3F07B1A30DCFD00E2DA42 /* FacebookSDK.framework */,
				7FF3F0981A30DFB700E2DA42 /* SystemConfiguration.framework */,
				7FF3F0961A30DFA900E2DA42 /* StoreKit.framework */,
				7FF3F0941A30DFA200E2DA42 /* Security.framework */,
				7FF3F0921A30DF9B00E2DA42 /* QuartzCore.framework */,
				7FF3F0901A30DF9400E2DA42 /* MobileCoreServices.framework */,
				7FF3F08E1A30DF8800E2DA42 /* libz.dylib */,
				7FF3F08C1A30DF7900E2DA42 /* CoreLocation.framework */,
				7FF3F08A1A30DF7100E2DA42 /* CoreGraphics.framework */,
				7FF3F0881A30DF5500E2DA42 /* CFNetwork.framework */,
				7FF3F0861A30DF4600E2DA42 /* AudioToolbox.framework */,
				EBE2B9750FB80C5C5A4C2AD6 /* libPods.a */,
			);
			name = Frameworks;
			sourceTree = "<group>";
		};
		7FF3F04D1A30D9F300E2DA42 = {
			isa = PBXGroup;
			children = (
				7F0FEB9F1A93DCE700DDDA88 /* ExternalLibs */,
				7FE87DE11A338C5400F97C3D /* Frameworks */,
				7FF3F0581A30D9F300E2DA42 /* m8up */,
				7FF3F06E1A30D9F300E2DA42 /* m8upTests */,
				7FF3F0571A30D9F300E2DA42 /* Products */,
				B97457329AE7CE06F9E23FE4 /* Pods */,
			);
			sourceTree = "<group>";
		};
		7FF3F0571A30D9F300E2DA42 /* Products */ = {
			isa = PBXGroup;
			children = (
				7FF3F0561A30D9F300E2DA42 /* m8up.app */,
				7FF3F06B1A30D9F300E2DA42 /* m8upTests.xctest */,
			);
			name = Products;
			sourceTree = "<group>";
		};
		7FF3F0581A30D9F300E2DA42 /* m8up */ = {
			isa = PBXGroup;
			children = (
				7FDF4DE51AEC1E63005E6789 /* Data  */,
				7F8FEA801AE7DD0C0070C7C3 /* View */,
				7F8FEA851AE7EC010070C7C3 /* Controller */,
				7FF3F05B1A30D9F300E2DA42 /* AppDelegate.swift */,
				7FF3F05F1A30D9F300E2DA42 /* Main.storyboard */,
				7FF3F0621A30D9F300E2DA42 /* Images.xcassets */,
				7FF3F0641A30D9F300E2DA42 /* LaunchScreen.xib */,
				7FF3F0591A30D9F300E2DA42 /* Supporting Files */,
				7FF3F07D1A30DE8A00E2DA42 /* m8up-Bridging-Header.h */,
			);
			path = m8up;
			sourceTree = "<group>";
		};
		7FF3F0591A30D9F300E2DA42 /* Supporting Files */ = {
			isa = PBXGroup;
			children = (
				7FA1504D1A31F04200DB55BF /* fblogin.png */,
				7F5010F01A601762003B9622 /* down.png */,
				7F48D5061A5D6D2400403513 /* up.png */,
				7FF3F05A1A30D9F300E2DA42 /* Info.plist */,
			);
			name = "Supporting Files";
			sourceTree = "<group>";
		};
		7FF3F06E1A30D9F300E2DA42 /* m8upTests */ = {
			isa = PBXGroup;
			children = (
				7FF3F0711A30D9F300E2DA42 /* m8upTests.swift */,
				7FF3F06F1A30D9F300E2DA42 /* Supporting Files */,
			);
			path = m8upTests;
			sourceTree = "<group>";
		};
		7FF3F06F1A30D9F300E2DA42 /* Supporting Files */ = {
			isa = PBXGroup;
			children = (
				7FF3F0701A30D9F300E2DA42 /* Info.plist */,
			);
			name = "Supporting Files";
			sourceTree = "<group>";
		};
		B97457329AE7CE06F9E23FE4 /* Pods */ = {
			isa = PBXGroup;
			children = (
				809B9D364917A1CFF7D74D0F /* Pods.debug.xcconfig */,
				E7A313423B12AC8C55580EE8 /* Pods.release.xcconfig */,
			);
			name = Pods;
			sourceTree = "<group>";
		};
/* End PBXGroup section */

/* Begin PBXNativeTarget section */
		7FF3F0551A30D9F300E2DA42 /* m8up */ = {
			isa = PBXNativeTarget;
			buildConfigurationList = 7FF3F0751A30D9F300E2DA42 /* Build configuration list for PBXNativeTarget "m8up" */;
			buildPhases = (
				81964D3F015A9BA95041DB0F /* Check Pods Manifest.lock */,
				7FF3F0521A30D9F300E2DA42 /* Sources */,
				7FF3F0531A30D9F300E2DA42 /* Frameworks */,
				7FF3F0541A30D9F300E2DA42 /* Resources */,
				78F9A1693C71376C0F3BEF95 /* Copy Pods Resources */,
			);
			buildRules = (
			);
			dependencies = (
			);
			name = m8up;
			productName = m8up;
			productReference = 7FF3F0561A30D9F300E2DA42 /* m8up.app */;
			productType = "com.apple.product-type.application";
		};
		7FF3F06A1A30D9F300E2DA42 /* m8upTests */ = {
			isa = PBXNativeTarget;
			buildConfigurationList = 7FF3F0781A30D9F300E2DA42 /* Build configuration list for PBXNativeTarget "m8upTests" */;
			buildPhases = (
				7FF3F0671A30D9F300E2DA42 /* Sources */,
				7FF3F0681A30D9F300E2DA42 /* Frameworks */,
				7FF3F0691A30D9F300E2DA42 /* Resources */,
			);
			buildRules = (
			);
			dependencies = (
				7FF3F06D1A30D9F300E2DA42 /* PBXTargetDependency */,
			);
			name = m8upTests;
			productName = m8upTests;
			productReference = 7FF3F06B1A30D9F300E2DA42 /* m8upTests.xctest */;
			productType = "com.apple.product-type.bundle.unit-test";
		};
/* End PBXNativeTarget section */

/* Begin PBXProject section */
		7FF3F04E1A30D9F300E2DA42 /* Project object */ = {
			isa = PBXProject;
			attributes = {
				LastUpgradeCheck = 0610;
				ORGANIZATIONNAME = m8up;
				TargetAttributes = {
					7FF3F0551A30D9F300E2DA42 = {
						CreatedOnToolsVersion = 6.1;
						DevelopmentTeam = 74HC77L24D;
					};
					7FF3F06A1A30D9F300E2DA42 = {
						CreatedOnToolsVersion = 6.1;
						TestTargetID = 7FF3F0551A30D9F300E2DA42;
					};
				};
			};
			buildConfigurationList = 7FF3F0511A30D9F300E2DA42 /* Build configuration list for PBXProject "m8up" */;
			compatibilityVersion = "Xcode 3.2";
			developmentRegion = English;
			hasScannedForEncodings = 0;
			knownRegions = (
				en,
				Base,
				de,
				es,
				fr,
				he,
				it,
				nl,
				pl,
				pt,
				ro,
				ru,
				tr,
				"zh-Hans",
				"zh-Hant",
			);
			mainGroup = 7FF3F04D1A30D9F300E2DA42;
			productRefGroup = 7FF3F0571A30D9F300E2DA42 /* Products */;
			projectDirPath = "";
			projectRoot = "";
			targets = (
				7FF3F0551A30D9F300E2DA42 /* m8up */,
				7FF3F06A1A30D9F300E2DA42 /* m8upTests */,
			);
		};
/* End PBXProject section */

/* Begin PBXResourcesBuildPhase section */
		7FF3F0541A30D9F300E2DA42 /* Resources */ = {
			isa = PBXResourcesBuildPhase;
			buildActionMask = 2147483647;
			files = (
				7F48D5071A5D6D2400403513 /* up.png in Resources */,
				7FF3F0611A30D9F300E2DA42 /* Main.storyboard in Resources */,
				7F5010F11A601762003B9622 /* down.png in Resources */,
				7FF3F0661A30D9F300E2DA42 /* LaunchScreen.xib in Resources */,
				7FF3F0631A30D9F300E2DA42 /* Images.xcassets in Resources */,
				7FA1504E1A31F04200DB55BF /* fblogin.png in Resources */,
			);
			runOnlyForDeploymentPostprocessing = 0;
		};
		7FF3F0691A30D9F300E2DA42 /* Resources */ = {
			isa = PBXResourcesBuildPhase;
			buildActionMask = 2147483647;
			files = (
			);
			runOnlyForDeploymentPostprocessing = 0;
		};
/* End PBXResourcesBuildPhase section */

/* Begin PBXShellScriptBuildPhase section */
		78F9A1693C71376C0F3BEF95 /* Copy Pods Resources */ = {
			isa = PBXShellScriptBuildPhase;
			buildActionMask = 2147483647;
			files = (
			);
			inputPaths = (
			);
			name = "Copy Pods Resources";
			outputPaths = (
			);
			runOnlyForDeploymentPostprocessing = 0;
			shellPath = /bin/sh;
			shellScript = "\"${SRCROOT}/Pods/Target Support Files/Pods/Pods-resources.sh\"\n";
			showEnvVarsInLog = 0;
		};
		81964D3F015A9BA95041DB0F /* Check Pods Manifest.lock */ = {
			isa = PBXShellScriptBuildPhase;
			buildActionMask = 2147483647;
			files = (
			);
			inputPaths = (
			);
			name = "Check Pods Manifest.lock";
			outputPaths = (
			);
			runOnlyForDeploymentPostprocessing = 0;
			shellPath = /bin/sh;
			shellScript = "diff \"${PODS_ROOT}/../Podfile.lock\" \"${PODS_ROOT}/Manifest.lock\" > /dev/null\nif [[ $? != 0 ]] ; then\n    cat << EOM\nerror: The sandbox is not in sync with the Podfile.lock. Run 'pod install' or update your CocoaPods installation.\nEOM\n    exit 1\nfi\n";
			showEnvVarsInLog = 0;
		};
/* End PBXShellScriptBuildPhase section */

/* Begin PBXSourcesBuildPhase section */
		7FF3F0521A30D9F300E2DA42 /* Sources */ = {
			isa = PBXSourcesBuildPhase;
			buildActionMask = 2147483647;
			files = (
				7F0FEBBA1A93E26E00DDDA88 /* AFURLConnectionOperation.m in Sources */,
				7FE87DE31A338F5400F97C3D /* m8upViewController.swift in Sources */,
				7F8FEA821AE7DD4A0070C7C3 /* CardView.swift in Sources */,
				7F0FEBB91A93E26E00DDDA88 /* AFSecurityPolicy.m in Sources */,
				7F09EB571AF4EFC2008E55FC /* UserCell.swift in Sources */,
				7F3607071A3363EF00A2A671 /* SignUpViewController.swift in Sources */,
				7F0FEBD51A93E27600DDDA88 /* UIProgressView+AFNetworking.m in Sources */,
				7F449AE91AF26635004B3FEE /* ProfileViewController.swift in Sources */,
				7F0FEBD21A93E27600DDDA88 /* UIAlertView+AFNetworking.m in Sources */,
				7F0FEBD01A93E27600DDDA88 /* AFNetworkActivityIndicatorManager.m in Sources */,
				7FDF4DE71AEC1E75005E6789 /* User.swift in Sources */,
				7F0FEBB61A93E26E00DDDA88 /* AFHTTPRequestOperationManager.m in Sources */,
				7F09EB551AF4EF4A008E55FC /* MatchesTableViewController.swift in Sources */,
				7F09EB591AF4F75D008E55FC /* Match.swift in Sources */,
				7F0FEBD31A93E27600DDDA88 /* UIButton+AFNetworking.m in Sources */,
				7F0FEBD11A93E27600DDDA88 /* UIActivityIndicatorView+AFNetworking.m in Sources */,
				7F48D5031A5D484C00403513 /* ShoutViewController.swift in Sources */,
				7F0FEBD71A93E27600DDDA88 /* UIWebView+AFNetworking.m in Sources */,
				7F449AE71AF25A0E004B3FEE /* PageViewController.swift in Sources */,
				7FF3F05E1A30D9F300E2DA42 /* ViewController.swift in Sources */,
				7F8FEA841AE7E8E30070C7C3 /* SwipeView.swift in Sources */,
				7FF3F05C1A30D9F300E2DA42 /* AppDelegate.swift in Sources */,
				7F49C88A1A34DA4000C6383D /* MyTabBarController.swift in Sources */,
				7F0FEBBD1A93E26E00DDDA88 /* AFURLSessionManager.m in Sources */,
				7F0FEBBC1A93E26E00DDDA88 /* AFURLResponseSerialization.m in Sources */,
				7F6B8B841A61DA0800DD8AC9 /* SettingsViewController.swift in Sources */,
				7F0FED0C1A93E44F00DDDA88 /* NMRangeSlider.m in Sources */,
				7F7243E71A793F3200A5ABE6 /* EditProfileViewController.swift in Sources */,
				7F6B11E31AF8D9010087A35D /* Message.swift in Sources */,
				7F0FEBBB1A93E26E00DDDA88 /* AFURLRequestSerialization.m in Sources */,
				7F0FEBD61A93E27600DDDA88 /* UIRefreshControl+AFNetworking.m in Sources */,
				7F0FEBD41A93E27600DDDA88 /* UIImageView+AFNetworking.m in Sources */,
				7F0FEBB81A93E26E00DDDA88 /* AFNetworkReachabilityManager.m in Sources */,
				7F7243E51A79227E00A5ABE6 /* DiscoveryViewController.swift in Sources */,
				7F0FEBB51A93E26E00DDDA88 /* AFHTTPRequestOperation.m in Sources */,
				7F09EB5B1AF52C90008E55FC /* ChatViewController.swift in Sources */,
				7F0FEBB71A93E26E00DDDA88 /* AFHTTPSessionManager.m in Sources */,
			);
			runOnlyForDeploymentPostprocessing = 0;
		};
		7FF3F0671A30D9F300E2DA42 /* Sources */ = {
			isa = PBXSourcesBuildPhase;
			buildActionMask = 2147483647;
			files = (
				7FF3F0721A30D9F300E2DA42 /* m8upTests.swift in Sources */,
			);
			runOnlyForDeploymentPostprocessing = 0;
		};
/* End PBXSourcesBuildPhase section */

/* Begin PBXTargetDependency section */
		7FF3F06D1A30D9F300E2DA42 /* PBXTargetDependency */ = {
			isa = PBXTargetDependency;
			target = 7FF3F0551A30D9F300E2DA42 /* m8up */;
			targetProxy = 7FF3F06C1A30D9F300E2DA42 /* PBXContainerItemProxy */;
		};
/* End PBXTargetDependency section */

/* Begin PBXVariantGroup section */
		7FF3F05F1A30D9F300E2DA42 /* Main.storyboard */ = {
			isa = PBXVariantGroup;
			children = (
				7FF3F0601A30D9F300E2DA42 /* Base */,
			);
			name = Main.storyboard;
			sourceTree = "<group>";
		};
		7FF3F0641A30D9F300E2DA42 /* LaunchScreen.xib */ = {
			isa = PBXVariantGroup;
			children = (
				7FF3F0651A30D9F300E2DA42 /* Base */,
			);
			name = LaunchScreen.xib;
			sourceTree = "<group>";
		};
/* End PBXVariantGroup section */

/* Begin XCBuildConfiguration section */
		7FF3F0731A30D9F300E2DA42 /* Debug */ = {
			isa = XCBuildConfiguration;
			buildSettings = {
				ALWAYS_SEARCH_USER_PATHS = NO;
				CLANG_CXX_LANGUAGE_STANDARD = "gnu++0x";
				CLANG_CXX_LIBRARY = "libc++";
				CLANG_ENABLE_MODULES = YES;
				CLANG_ENABLE_OBJC_ARC = YES;
				CLANG_WARN_BOOL_CONVERSION = YES;
				CLANG_WARN_CONSTANT_CONVERSION = YES;
				CLANG_WARN_DIRECT_OBJC_ISA_USAGE = YES_ERROR;
				CLANG_WARN_EMPTY_BODY = YES;
				CLANG_WARN_ENUM_CONVERSION = YES;
				CLANG_WARN_INT_CONVERSION = YES;
				CLANG_WARN_OBJC_ROOT_CLASS = YES_ERROR;
				CLANG_WARN_UNREACHABLE_CODE = YES;
				CLANG_WARN__DUPLICATE_METHOD_MATCH = YES;
				"CODE_SIGN_IDENTITY[sdk=iphoneos*]" = "iPhone Developer";
				COPY_PHASE_STRIP = NO;
				ENABLE_STRICT_OBJC_MSGSEND = YES;
				GCC_C_LANGUAGE_STANDARD = gnu99;
				GCC_DYNAMIC_NO_PIC = NO;
				GCC_OPTIMIZATION_LEVEL = 0;
				GCC_PREPROCESSOR_DEFINITIONS = (
					"DEBUG=1",
					"$(inherited)",
				);
				GCC_SYMBOLS_PRIVATE_EXTERN = NO;
				GCC_WARN_64_TO_32_BIT_CONVERSION = YES;
				GCC_WARN_ABOUT_RETURN_TYPE = YES_ERROR;
				GCC_WARN_UNDECLARED_SELECTOR = YES;
				GCC_WARN_UNINITIALIZED_AUTOS = YES_AGGRESSIVE;
				GCC_WARN_UNUSED_FUNCTION = YES;
				GCC_WARN_UNUSED_VARIABLE = YES;
				IPHONEOS_DEPLOYMENT_TARGET = 7.1;
				MTL_ENABLE_DEBUG_INFO = YES;
				ONLY_ACTIVE_ARCH = YES;
				SDKROOT = iphoneos;
				SWIFT_OPTIMIZATION_LEVEL = "-Onone";
			};
			name = Debug;
		};
		7FF3F0741A30D9F300E2DA42 /* Release */ = {
			isa = XCBuildConfiguration;
			buildSettings = {
				ALWAYS_SEARCH_USER_PATHS = NO;
				CLANG_CXX_LANGUAGE_STANDARD = "gnu++0x";
				CLANG_CXX_LIBRARY = "libc++";
				CLANG_ENABLE_MODULES = YES;
				CLANG_ENABLE_OBJC_ARC = YES;
				CLANG_WARN_BOOL_CONVERSION = YES;
				CLANG_WARN_CONSTANT_CONVERSION = YES;
				CLANG_WARN_DIRECT_OBJC_ISA_USAGE = YES_ERROR;
				CLANG_WARN_EMPTY_BODY = YES;
				CLANG_WARN_ENUM_CONVERSION = YES;
				CLANG_WARN_INT_CONVERSION = YES;
				CLANG_WARN_OBJC_ROOT_CLASS = YES_ERROR;
				CLANG_WARN_UNREACHABLE_CODE = YES;
				CLANG_WARN__DUPLICATE_METHOD_MATCH = YES;
				"CODE_SIGN_IDENTITY[sdk=iphoneos*]" = "iPhone Developer";
				COPY_PHASE_STRIP = YES;
				ENABLE_NS_ASSERTIONS = NO;
				ENABLE_STRICT_OBJC_MSGSEND = YES;
				GCC_C_LANGUAGE_STANDARD = gnu99;
				GCC_WARN_64_TO_32_BIT_CONVERSION = YES;
				GCC_WARN_ABOUT_RETURN_TYPE = YES_ERROR;
				GCC_WARN_UNDECLARED_SELECTOR = YES;
				GCC_WARN_UNINITIALIZED_AUTOS = YES_AGGRESSIVE;
				GCC_WARN_UNUSED_FUNCTION = YES;
				GCC_WARN_UNUSED_VARIABLE = YES;
				IPHONEOS_DEPLOYMENT_TARGET = 7.1;
				MTL_ENABLE_DEBUG_INFO = NO;
				SDKROOT = iphoneos;
				VALIDATE_PRODUCT = YES;
			};
			name = Release;
		};
		7FF3F0761A30D9F300E2DA42 /* Debug */ = {
			isa = XCBuildConfiguration;
			baseConfigurationReference = 809B9D364917A1CFF7D74D0F /* Pods.debug.xcconfig */;
			buildSettings = {
				ASSETCATALOG_COMPILER_APPICON_NAME = AppIcon;
				CLANG_ENABLE_MODULES = YES;
				CODE_SIGN_IDENTITY = "iPhone Developer: Gareth Harte (NVKC62B996)";
				"CODE_SIGN_IDENTITY[sdk=iphoneos*]" = "iPhone Developer";
				FRAMEWORK_SEARCH_PATHS = (
					"$(inherited)",
					"$(PROJECT_DIR)/m8up",
					"$(PROJECT_DIR)",
				);
				INFOPLIST_FILE = m8up/Info.plist;
				LD_RUNPATH_SEARCH_PATHS = "$(inherited) @executable_path/Frameworks";
				PRODUCT_NAME = "$(TARGET_NAME)";
				PROVISIONING_PROFILE = "";
				SWIFT_OBJC_BRIDGING_HEADER = "m8up/m8up-Bridging-Header.h";
				SWIFT_OPTIMIZATION_LEVEL = "-Onone";
			};
			name = Debug;
		};
		7FF3F0771A30D9F300E2DA42 /* Release */ = {
			isa = XCBuildConfiguration;
			baseConfigurationReference = E7A313423B12AC8C55580EE8 /* Pods.release.xcconfig */;
			buildSettings = {
				ASSETCATALOG_COMPILER_APPICON_NAME = AppIcon;
				CLANG_ENABLE_MODULES = YES;
				CODE_SIGN_IDENTITY = "iPhone Developer: Gareth Harte (NVKC62B996)";
				"CODE_SIGN_IDENTITY[sdk=iphoneos*]" = "iPhone Developer";
				FRAMEWORK_SEARCH_PATHS = (
					"$(inherited)",
					"$(PROJECT_DIR)/m8up",
					"$(PROJECT_DIR)",
				);
				INFOPLIST_FILE = m8up/Info.plist;
				LD_RUNPATH_SEARCH_PATHS = "$(inherited) @executable_path/Frameworks";
				PRODUCT_NAME = "$(TARGET_NAME)";
				PROVISIONING_PROFILE = "";
				SWIFT_OBJC_BRIDGING_HEADER = "m8up/m8up-Bridging-Header.h";
			};
			name = Release;
		};
		7FF3F0791A30D9F300E2DA42 /* Debug */ = {
			isa = XCBuildConfiguration;
			buildSettings = {
				BUNDLE_LOADER = "$(TEST_HOST)";
				FRAMEWORK_SEARCH_PATHS = (
					"$(SDKROOT)/Developer/Library/Frameworks",
					"$(inherited)",
				);
				GCC_PREPROCESSOR_DEFINITIONS = (
					"DEBUG=1",
					"$(inherited)",
				);
				INFOPLIST_FILE = m8upTests/Info.plist;
				LD_RUNPATH_SEARCH_PATHS = "$(inherited) @executable_path/Frameworks @loader_path/Frameworks";
				PRODUCT_NAME = "$(TARGET_NAME)";
				TEST_HOST = "$(BUILT_PRODUCTS_DIR)/m8up.app/m8up";
			};
			name = Debug;
		};
		7FF3F07A1A30D9F300E2DA42 /* Release */ = {
			isa = XCBuildConfiguration;
			buildSettings = {
				BUNDLE_LOADER = "$(TEST_HOST)";
				FRAMEWORK_SEARCH_PATHS = (
					"$(SDKROOT)/Developer/Library/Frameworks",
					"$(inherited)",
				);
				INFOPLIST_FILE = m8upTests/Info.plist;
				LD_RUNPATH_SEARCH_PATHS = "$(inherited) @executable_path/Frameworks @loader_path/Frameworks";
				PRODUCT_NAME = "$(TARGET_NAME)";
				TEST_HOST = "$(BUILT_PRODUCTS_DIR)/m8up.app/m8up";
			};
			name = Release;
		};
/* End XCBuildConfiguration section */

/* Begin XCConfigurationList section */
		7FF3F0511A30D9F300E2DA42 /* Build configuration list for PBXProject "m8up" */ = {
			isa = XCConfigurationList;
			buildConfigurations = (
				7FF3F0731A30D9F300E2DA42 /* Debug */,
				7FF3F0741A30D9F300E2DA42 /* Release */,
			);
			defaultConfigurationIsVisible = 0;
			defaultConfigurationName = Release;
		};
		7FF3F0751A30D9F300E2DA42 /* Build configuration list for PBXNativeTarget "m8up" */ = {
			isa = XCConfigurationList;
			buildConfigurations = (
				7FF3F0761A30D9F300E2DA42 /* Debug */,
				7FF3F0771A30D9F300E2DA42 /* Release */,
			);
			defaultConfigurationIsVisible = 0;
			defaultConfigurationName = Release;
		};
		7FF3F0781A30D9F300E2DA42 /* Build configuration list for PBXNativeTarget "m8upTests" */ = {
			isa = XCConfigurationList;
			buildConfigurations = (
				7FF3F0791A30D9F300E2DA42 /* Debug */,
				7FF3F07A1A30D9F300E2DA42 /* Release */,
			);
			defaultConfigurationIsVisible = 0;
			defaultConfigurationName = Release;
		};
/* End XCConfigurationList section */
	};
	rootObject = 7FF3F04E1A30D9F300E2DA42 /* Project object */;
}
